Microsoft Visual Studio Solution File, Format Version 12.00
# Visual Studio 2012
Project("{FAE04EC0-301F-11D3-BF4B-00C04F79EFBC}") = "PhysicalBone2D in 4.0.3", "PhysicalBone2D in 4.0.3.csproj", "{99482BF8-F7AF-4791-BAAC-E9FB3BAB68FF}"
EndProject
Global
	GlobalSection(SolutionConfigurationPlatforms) = preSolution
	Debug|Any CPU = Debug|Any CPU
	ExportDebug|Any CPU = ExportDebug|Any CPU
	ExportRelease|Any CPU = ExportRelease|Any CPU
	EndGlobalSection
	GlobalSection(ProjectConfigurationPlatforms) = postSolution
		{99482BF8-F7AF-4791-BAAC-E9FB3BAB68FF}.Debug|Any CPU.ActiveCfg = Debug|Any CPU
		{99482BF8-F7AF-4791-BAAC-E9FB3BAB68FF}.Debug|Any CPU.Build.0 = Debug|Any CPU
		{99482BF8-F7AF-4791-BAAC-E9FB3BAB68FF}.ExportDebug|Any CPU.ActiveCfg = ExportDebug|Any CPU
		{99482BF8-F7AF-4791-BAAC-E9FB3BAB68FF}.ExportDebug|Any CPU.Build.0 = ExportDebug|Any CPU
		{99482BF8-F7AF-4791-BAAC-E9FB3BAB68FF}.ExportRelease|Any CPU.ActiveCfg = ExportRelease|Any CPU
		{99482BF8-F7AF-4791-BAAC-E9FB3BAB68FF}.ExportRelease|Any CPU.Build.0 = ExportRelease|Any CPU
	EndGlobalSection
EndGlobal
